
Microsoft Visual Studio Solution File, Format Version 12.00
# Visual Studio Version 17
VisualStudioVersion = 17.7.34031.279
MinimumVisualStudioVersion = 10.0.40219.1
Project("{9A19103F-16F7-4668-BE54-9A1E7A4F7556}") = "TestApp", "..\..\..\Desktop\TestApp\TestApp.csproj", "{E857BBAC-FABA-462E-9878-BAD63E5FBE06}"
EndProject
Project("{9A19103F-16F7-4668-BE54-9A1E7A4F7556}") = "TestApp.Tests", "..\..\..\Desktop\TestApp.Tests\TestApp.Tests.csproj", "{F38EABB2-AFA6-4104-BCB5-5C44992B19F8}"
EndProject
Global
	GlobalSection(SolutionConfigurationPlatforms) = preSolution
		Debug|Any CPU = Debug|Any CPU
		Release|Any CPU = Release|Any CPU
	EndGlobalSection
	GlobalSection(ProjectConfigurationPlatforms) = postSolution
		{E857BBAC-FABA-462E-9878-BAD63E5FBE06}.Debug|Any CPU.ActiveCfg = Debug|Any CPU
		{E857BBAC-FABA-462E-9878-BAD63E5FBE06}.Debug|Any CPU.Build.0 = Debug|Any CPU
		{E857BBAC-FABA-462E-9878-BAD63E5FBE06}.Release|Any CPU.ActiveCfg = Release|Any CPU
		{E857BBAC-FABA-462E-9878-BAD63E5FBE06}.Release|Any CPU.Build.0 = Release|Any CPU
		{F38EABB2-AFA6-4104-BCB5-5C44992B19F8}.Debug|Any CPU.ActiveCfg = Debug|Any CPU
		{F38EABB2-AFA6-4104-BCB5-5C44992B19F8}.Debug|Any CPU.Build.0 = Debug|Any CPU
		{F38EABB2-AFA6-4104-BCB5-5C44992B19F8}.Release|Any CPU.ActiveCfg = Release|Any CPU
		{F38EABB2-AFA6-4104-BCB5-5C44992B19F8}.Release|Any CPU.Build.0 = Release|Any CPU
	EndGlobalSection
	GlobalSection(SolutionProperties) = preSolution
		HideSolutionNode = FALSE
	EndGlobalSection
	GlobalSection(ExtensibilityGlobals) = postSolution
		SolutionGuid = {1FAB6795-B0B9-45AB-80C8-94EB5C675A8E}
	EndGlobalSection
EndGlobal
